Microsoft Visual Studio Solution File, Format Version 12.00
# Visual Studio Version 17
VisualStudioVersion = 17.0.31903.59
MinimumVisualStudioVersion = 10.0.40219.1
Project("{2150E333-8FDC-42A3-9474-1A3956D46DE8}") = "src", "src", "{8BB2217D-0F2D-4BB1-8E4B-CDD04ADCF3DF}"
EndProject
Project("{9A19103F-16F7-4668-BE54-9A1E7A4F7556}") = "BigCommerce.Migration.Core", "src\BigCommerce.Migration.Core\BigCommerce.Migration.Core.csproj", "{4C7261F2-BA66-4B55-9DAD-A3225BB3B0EF}"
EndProject
Project("{9A19103F-16F7-4668-BE54-9A1E7A4F7556}") = "BigCommerce.Migration.Infrastructure", "src\BigCommerce.Migration.Infrastructure\BigCommerce.Migration.Infrastructure.csproj", "{6BF84C53-E190-42E8-B05B-A5C05261E91C}"
EndProject
Project("{9A19103F-16F7-4668-BE54-9A1E7A4F7556}") = "BigCommerce.Migration.Functions", "src\BigCommerce.Migration.Functions\BigCommerce.Migration.Functions.csproj", "{2C146AA0-C2E0-4A29-B5AA-1F8C6379FFA7}"
EndProject
Project("{2150E333-8FDC-42A3-9474-1A3956D46DE8}") = "docs", "docs", "{F7038A76-2C94-4F26-A3B6-4E2B6A4B7E8C}"
	ProjectSection(SolutionItems) = preProject
		docs\Architecture-Documentation.md = docs\Architecture-Documentation.md
		docs\DOCUMENTATION-SUMMARY.md = docs\DOCUMENTATION-SUMMARY.md
		README.md = README.md
	EndProjectSection
EndProject
Project("{2150E333-8FDC-42A3-9474-1A3956D46DE8}") = "iac", "iac", "{D4B5F0C5-1A8F-4F4A-8F7D-8E4C3F2E1A9B}"
	ProjectSection(SolutionItems) = preProject
		iac\main.tf = iac\main.tf
		iac\variables.tf = iac\variables.tf
		iac\terraform.dev.tfvars = iac\terraform.dev.tfvars
		iac\terraform.prod.tfvars = iac\terraform.prod.tfvars
	EndProjectSection
EndProject
Project("{2150E333-8FDC-42A3-9474-1A3956D46DE8}") = "cicd", "cicd", "{E7D6C4B3-2A1F-4E2A-9C8B-7F5E9D1C3A7E}"
	ProjectSection(SolutionItems) = preProject
		azure-pipelines-dev.yml = azure-pipelines-dev.yml
		azure-pipelines-prod.yml = azure-pipelines-prod.yml
		docker-compose.yml = docker-compose.yml
	EndProjectSection
EndProject
Project("{FAE04EC0-301F-11D3-BF4B-00C04F79EFBC}") = "BigCommerce.Migration.Orchestration", "src\BigCommerce.Migration.Orchestration\BigCommerce.Migration.Orchestration.csproj", "{A4DD5E25-92A5-473E-BFD2-4530B7E5A8F8}"
EndProject
Project("{9A19103F-16F7-4668-BE54-9A1E7A4F7556}") = "BigCommerce.Migration.CodeAnalysis", "src\BigCommerce.Migration.CodeAnalysis\BigCommerce.Migration.CodeAnalysis.csproj", "{8C5E7B2A-3F1E-4D2B-9A8F-7E6D5C4B3A9E}"
EndProject
Project("{2150E333-8FDC-42A3-9474-1A3956D46DE8}") = "tests", "tests", "{B2028822-0B1B-4038-8863-8D572BD4EEF2}"
EndProject
Project("{FAE04EC0-301F-11D3-BF4B-00C04F79EFBC}") = "BigCommerce.Migration.Tests", "tests\BigCommerce.Migration.Tests\BigCommerce.Migration.Tests.csproj", "{11CB6108-1980-4956-81C5-11417F7AE547}"
EndProject
Project("{FAE04EC0-301F-11D3-BF4B-00C04F79EFBC}") = "BigCommerce.Migration.PerformanceTests", "tests\BigCommerce.Migration.PerformanceTests\BigCommerce.Migration.PerformanceTests.csproj", "{BADC15C2-22DA-4193-A246-CC21DEA73EF4}"
EndProject
Global
	GlobalSection(SolutionConfigurationPlatforms) = preSolution
		Debug|Any CPU = Debug|Any CPU
		Release|Any CPU = Release|Any CPU
	EndGlobalSection
	GlobalSection(ProjectConfigurationPlatforms) = postSolution
		{4C7261F2-BA66-4B55-9DAD-A3225BB3B0EF}.Debug|Any CPU.ActiveCfg = Debug|Any CPU
		{4C7261F2-BA66-4B55-9DAD-A3225BB3B0EF}.Debug|Any CPU.Build.0 = Debug|Any CPU
		{4C7261F2-BA66-4B55-9DAD-A3225BB3B0EF}.Release|Any CPU.ActiveCfg = Release|Any CPU
		{4C7261F2-BA66-4B55-9DAD-A3225BB3B0EF}.Release|Any CPU.Build.0 = Release|Any CPU
		{6BF84C53-E190-42E8-B05B-A5C05261E91C}.Debug|Any CPU.ActiveCfg = Debug|Any CPU
		{6BF84C53-E190-42E8-B05B-A5C05261E91C}.Debug|Any CPU.Build.0 = Debug|Any CPU
		{6BF84C53-E190-42E8-B05B-A5C05261E91C}.Release|Any CPU.ActiveCfg = Release|Any CPU
		{6BF84C53-E190-42E8-B05B-A5C05261E91C}.Release|Any CPU.Build.0 = Release|Any CPU
		{2C146AA0-C2E0-4A29-B5AA-1F8C6379FFA7}.Debug|Any CPU.ActiveCfg = Debug|Any CPU
		{2C146AA0-C2E0-4A29-B5AA-1F8C6379FFA7}.Debug|Any CPU.Build.0 = Debug|Any CPU
		{2C146AA0-C2E0-4A29-B5AA-1F8C6379FFA7}.Release|Any CPU.ActiveCfg = Release|Any CPU
		{2C146AA0-C2E0-4A29-B5AA-1F8C6379FFA7}.Release|Any CPU.Build.0 = Release|Any CPU
		{A4DD5E25-92A5-473E-BFD2-4530B7E5A8F8}.Debug|Any CPU.ActiveCfg = Debug|Any CPU
		{A4DD5E25-92A5-473E-BFD2-4530B7E5A8F8}.Debug|Any CPU.Build.0 = Debug|Any CPU
		{A4DD5E25-92A5-473E-BFD2-4530B7E5A8F8}.Release|Any CPU.ActiveCfg = Release|Any CPU
		{A4DD5E25-92A5-473E-BFD2-4530B7E5A8F8}.Release|Any CPU.Build.0 = Release|Any CPU
		{8C5E7B2A-3F1E-4D2B-9A8F-7E6D5C4B3A9E}.Debug|Any CPU.ActiveCfg = Debug|Any CPU
		{8C5E7B2A-3F1E-4D2B-9A8F-7E6D5C4B3A9E}.Debug|Any CPU.Build.0 = Debug|Any CPU
		{8C5E7B2A-3F1E-4D2B-9A8F-7E6D5C4B3A9E}.Release|Any CPU.ActiveCfg = Release|Any CPU
		{8C5E7B2A-3F1E-4D2B-9A8F-7E6D5C4B3A9E}.Release|Any CPU.Build.0 = Release|Any CPU
		{11CB6108-1980-4956-81C5-11417F7AE547}.Debug|Any CPU.ActiveCfg = Debug|Any CPU
		{11CB6108-1980-4956-81C5-11417F7AE547}.Debug|Any CPU.Build.0 = Debug|Any CPU
		{11CB6108-1980-4956-81C5-11417F7AE547}.Release|Any CPU.ActiveCfg = Release|Any CPU
		{11CB6108-1980-4956-81C5-11417F7AE547}.Release|Any CPU.Build.0 = Release|Any CPU
		{BADC15C2-22DA-4193-A246-CC21DEA73EF4}.Debug|Any CPU.ActiveCfg = Debug|Any CPU
		{BADC15C2-22DA-4193-A246-CC21DEA73EF4}.Debug|Any CPU.Build.0 = Debug|Any CPU
		{BADC15C2-22DA-4193-A246-CC21DEA73EF4}.Release|Any CPU.ActiveCfg = Release|Any CPU
		{BADC15C2-22DA-4193-A246-CC21DEA73EF4}.Release|Any CPU.Build.0 = Release|Any CPU
	EndGlobalSection
	GlobalSection(SolutionProperties) = preSolution
		HideSolutionNode = FALSE
	EndGlobalSection
	GlobalSection(NestedProjects) = preSolution
		{4C7261F2-BA66-4B55-9DAD-A3225BB3B0EF} = {8BB2217D-0F2D-4BB1-8E4B-CDD04ADCF3DF}
		{6BF84C53-E190-42E8-B05B-A5C05261E91C} = {8BB2217D-0F2D-4BB1-8E4B-CDD04ADCF3DF}
		{2C146AA0-C2E0-4A29-B5AA-1F8C6379FFA7} = {8BB2217D-0F2D-4BB1-8E4B-CDD04ADCF3DF}
		{A4DD5E25-92A5-473E-BFD2-4530B7E5A8F8} = {8BB2217D-0F2D-4BB1-8E4B-CDD04ADCF3DF}
		{8C5E7B2A-3F1E-4D2B-9A8F-7E6D5C4B3A9E} = {8BB2217D-0F2D-4BB1-8E4B-CDD04ADCF3DF}
		{11CB6108-1980-4956-81C5-11417F7AE547} = {B2028822-0B1B-4038-8863-8D572BD4EEF2}
		{BADC15C2-22DA-4193-A246-CC21DEA73EF4} = {B2028822-0B1B-4038-8863-8D572BD4EEF2}
	EndGlobalSection
	GlobalSection(ExtensibilityGlobals) = postSolution
		SolutionGuid = {8F7A9E2C-4B1D-4E3A-9F5B-2C8E7A1B9D4F}
	EndGlobalSection
EndGlobal
